
Microsoft Visual Studio Solution File, Format Version 12.00
# Visual Studio Version 17
VisualStudioVersion = 17.7.34018.315
MinimumVisualStudioVersion = 10.0.40219.1
Project("{FAE04EC0-301F-11D3-BF4B-00C04F79EFBC}") = "SauceLabsNet", "SauceLabsNet\SauceLabsNet.csproj", "{8F146587-3897-4325-AB02-DCA1D2C8530F}"
EndProject
Project("{FAE04EC0-301F-11D3-BF4B-00C04F79EFBC}") = "AutomationResourcesNet", "AutomationResourcesNet\AutomationResourcesNet.csproj", "{F4B00F7C-1B7B-4E01-A161-BDEF10BDEC52}"
EndProject
Project("{FAE04EC0-301F-11D3-BF4B-00C04F79EFBC}") = "LogginPracticeNet", "LogginPracticeNet\LogginPracticeNet.csproj", "{523DEA9D-5BC5-4447-8930-EFE777591E8C}"
EndProject
Project("{FAE04EC0-301F-11D3-BF4B-00C04F79EFBC}") = "SeleniumGridNet", "SeleniumGridNet\SeleniumGridNet.csproj", "{1FA164B7-6BD0-4ACF-883D-6995BB15AE27}"
EndProject
Project("{FAE04EC0-301F-11D3-BF4B-00C04F79EFBC}") = "ElementIteractionsNet", "ElementIdentificationNet\ElementIteractionsNet.csproj", "{3BE684D1-B45D-4A72-8CF0-FA4663450A7A}"
EndProject
Project("{FAE04EC0-301F-11D3-BF4B-00C04F79EFBC}") = "PageObjectsNet", "PageObjectsNet\PageObjectsNet.csproj", "{53D4CCB9-6F5B-4435-A2EB-04661C580AC0}"
EndProject
Project("{FAE04EC0-301F-11D3-BF4B-00C04F79EFBC}") = "SampleApp2Net", "SampleApp2Net\SampleApp2Net.csproj", "{96B0D3B5-7021-465A-8478-6FEA704D4859}"
EndProject
Project("{FAE04EC0-301F-11D3-BF4B-00C04F79EFBC}") = "WebDriverTimeoutTutorialNet", "WebDriverTimeoutTutorialNet\WebDriverTimeoutTutorialNet.csproj", "{4C57126B-B394-4998-9BE7-0BC8DCB11842}"
EndProject
Project("{FAE04EC0-301F-11D3-BF4B-00C04F79EFBC}") = "CreatingReportsNet", "CreatingReportsNet\CreatingReportsNet.csproj", "{61E2A7E6-F9FC-4A26-9BFD-FFBEB4D026E1}"
EndProject
Project("{FAE04EC0-301F-11D3-BF4B-00C04F79EFBC}") = "TDDPracticeNet", "TDDPracticeNet\TDDPracticeNet.csproj", "{4334AC91-32A7-46E9-B37D-E1532278B2ED}"
EndProject
Project("{FAE04EC0-301F-11D3-BF4B-00C04F79EFBC}") = "CsharpPracticeNet", "CsharpPracticeNet\CsharpPracticeNet.csproj", "{FBBF3206-D403-4213-BD54-6465474165EA}"
EndProject
Project("{FAE04EC0-301F-11D3-BF4B-00C04F79EFBC}") = "SampleFramework1Net", "SampleFramework1Net\SampleFramework1Net.csproj", "{11AE5F1B-3778-42D0-8EB5-F48BD8070255}"
EndProject
Global
	GlobalSection(SolutionConfigurationPlatforms) = preSolution
		Debug|Any CPU = Debug|Any CPU
		Release|Any CPU = Release|Any CPU
	EndGlobalSection
	GlobalSection(ProjectConfigurationPlatforms) = postSolution
		{8F146587-3897-4325-AB02-DCA1D2C8530F}.Debug|Any CPU.ActiveCfg = Debug|Any CPU
		{8F146587-3897-4325-AB02-DCA1D2C8530F}.Debug|Any CPU.Build.0 = Debug|Any CPU
		{8F146587-3897-4325-AB02-DCA1D2C8530F}.Release|Any CPU.ActiveCfg = Release|Any CPU
		{8F146587-3897-4325-AB02-DCA1D2C8530F}.Release|Any CPU.Build.0 = Release|Any CPU
		{F4B00F7C-1B7B-4E01-A161-BDEF10BDEC52}.Debug|Any CPU.ActiveCfg = Debug|Any CPU
		{F4B00F7C-1B7B-4E01-A161-BDEF10BDEC52}.Debug|Any CPU.Build.0 = Debug|Any CPU
		{F4B00F7C-1B7B-4E01-A161-BDEF10BDEC52}.Release|Any CPU.ActiveCfg = Release|Any CPU
		{F4B00F7C-1B7B-4E01-A161-BDEF10BDEC52}.Release|Any CPU.Build.0 = Release|Any CPU
		{523DEA9D-5BC5-4447-8930-EFE777591E8C}.Debug|Any CPU.ActiveCfg = Debug|Any CPU
		{523DEA9D-5BC5-4447-8930-EFE777591E8C}.Debug|Any CPU.Build.0 = Debug|Any CPU
		{523DEA9D-5BC5-4447-8930-EFE777591E8C}.Release|Any CPU.ActiveCfg = Release|Any CPU
		{523DEA9D-5BC5-4447-8930-EFE777591E8C}.Release|Any CPU.Build.0 = Release|Any CPU
		{1FA164B7-6BD0-4ACF-883D-6995BB15AE27}.Debug|Any CPU.ActiveCfg = Debug|Any CPU
		{1FA164B7-6BD0-4ACF-883D-6995BB15AE27}.Debug|Any CPU.Build.0 = Debug|Any CPU
		{1FA164B7-6BD0-4ACF-883D-6995BB15AE27}.Release|Any CPU.ActiveCfg = Release|Any CPU
		{1FA164B7-6BD0-4ACF-883D-6995BB15AE27}.Release|Any CPU.Build.0 = Release|Any CPU
		{3BE684D1-B45D-4A72-8CF0-FA4663450A7A}.Debug|Any CPU.ActiveCfg = Debug|Any CPU
		{3BE684D1-B45D-4A72-8CF0-FA4663450A7A}.Debug|Any CPU.Build.0 = Debug|Any CPU
		{3BE684D1-B45D-4A72-8CF0-FA4663450A7A}.Release|Any CPU.ActiveCfg = Release|Any CPU
		{3BE684D1-B45D-4A72-8CF0-FA4663450A7A}.Release|Any CPU.Build.0 = Release|Any CPU
		{53D4CCB9-6F5B-4435-A2EB-04661C580AC0}.Debug|Any CPU.ActiveCfg = Debug|Any CPU
		{53D4CCB9-6F5B-4435-A2EB-04661C580AC0}.Debug|Any CPU.Build.0 = Debug|Any CPU
		{53D4CCB9-6F5B-4435-A2EB-04661C580AC0}.Release|Any CPU.ActiveCfg = Release|Any CPU
		{53D4CCB9-6F5B-4435-A2EB-04661C580AC0}.Release|Any CPU.Build.0 = Release|Any CPU
		{96B0D3B5-7021-465A-8478-6FEA704D4859}.Debug|Any CPU.ActiveCfg = Debug|Any CPU
		{96B0D3B5-7021-465A-8478-6FEA704D4859}.Debug|Any CPU.Build.0 = Debug|Any CPU
		{96B0D3B5-7021-465A-8478-6FEA704D4859}.Release|Any CPU.ActiveCfg = Release|Any CPU
		{96B0D3B5-7021-465A-8478-6FEA704D4859}.Release|Any CPU.Build.0 = Release|Any CPU
		{4C57126B-B394-4998-9BE7-0BC8DCB11842}.Debug|Any CPU.ActiveCfg = Debug|Any CPU
		{4C57126B-B394-4998-9BE7-0BC8DCB11842}.Debug|Any CPU.Build.0 = Debug|Any CPU
		{4C57126B-B394-4998-9BE7-0BC8DCB11842}.Release|Any CPU.ActiveCfg = Release|Any CPU
		{4C57126B-B394-4998-9BE7-0BC8DCB11842}.Release|Any CPU.Build.0 = Release|Any CPU
		{61E2A7E6-F9FC-4A26-9BFD-FFBEB4D026E1}.Debug|Any CPU.ActiveCfg = Debug|Any CPU
		{61E2A7E6-F9FC-4A26-9BFD-FFBEB4D026E1}.Debug|Any CPU.Build.0 = Debug|Any CPU
		{61E2A7E6-F9FC-4A26-9BFD-FFBEB4D026E1}.Release|Any CPU.ActiveCfg = Release|Any CPU
		{61E2A7E6-F9FC-4A26-9BFD-FFBEB4D026E1}.Release|Any CPU.Build.0 = Release|Any CPU
		{4334AC91-32A7-46E9-B37D-E1532278B2ED}.Debug|Any CPU.ActiveCfg = Debug|Any CPU
		{4334AC91-32A7-46E9-B37D-E1532278B2ED}.Debug|Any CPU.Build.0 = Debug|Any CPU
		{4334AC91-32A7-46E9-B37D-E1532278B2ED}.Release|Any CPU.ActiveCfg = Release|Any CPU
		{4334AC91-32A7-46E9-B37D-E1532278B2ED}.Release|Any CPU.Build.0 = Release|Any CPU
		{FBBF3206-D403-4213-BD54-6465474165EA}.Debug|Any CPU.ActiveCfg = Debug|Any CPU
		{FBBF3206-D403-4213-BD54-6465474165EA}.Debug|Any CPU.Build.0 = Debug|Any CPU
		{FBBF3206-D403-4213-BD54-6465474165EA}.Release|Any CPU.ActiveCfg = Release|Any CPU
		{FBBF3206-D403-4213-BD54-6465474165EA}.Release|Any CPU.Build.0 = Release|Any CPU
		{11AE5F1B-3778-42D0-8EB5-F48BD8070255}.Debug|Any CPU.ActiveCfg = Debug|Any CPU
		{11AE5F1B-3778-42D0-8EB5-F48BD8070255}.Debug|Any CPU.Build.0 = Debug|Any CPU
		{11AE5F1B-3778-42D0-8EB5-F48BD8070255}.Release|Any CPU.ActiveCfg = Release|Any CPU
		{11AE5F1B-3778-42D0-8EB5-F48BD8070255}.Release|Any CPU.Build.0 = Release|Any CPU
	EndGlobalSection
	GlobalSection(SolutionProperties) = preSolution
		HideSolutionNode = FALSE
	EndGlobalSection
	GlobalSection(ExtensibilityGlobals) = postSolution
		SolutionGuid = {60479204-FB1F-4CD5-B8E5-F51BA8EA6AF0}
	EndGlobalSection
EndGlobal
